// !$*UTF8*$!
{
	archiveVersion = 1;
	classes = {
	};
	objectVersion = 46;
	objects = {

/* Begin PBXBuildFile section */
		468A227415ECC680008F04B0 /* UIKit.framework in Frameworks */ = {isa = PBXBuildFile; fileRef = 468A227315ECC680008F04B0 /* UIKit.framework */; };
		468A227615ECC680008F04B0 /* Foundation.framework in Frameworks */ = {isa = PBXBuildFile; fileRef = 468A227515ECC680008F04B0 /* Foundation.framework */; };
		468A227815ECC680008F04B0 /* CoreGraphics.framework in Frameworks */ = {isa = PBXBuildFile; fileRef = 468A227715ECC680008F04B0 /* CoreGraphics.framework */; };
		468A227E15ECC680008F04B0 /* InfoPlist.strings in Resources */ = {isa = PBXBuildFile; fileRef = 468A227C15ECC680008F04B0 /* InfoPlist.strings */; };
		468A228015ECC680008F04B0 /* main.m in Sources */ = {isa = PBXBuildFile; fileRef = 468A227F15ECC680008F04B0 /* main.m */; };
		468A228415ECC680008F04B0 /* DKAppDelegate.m in Sources */ = {isa = PBXBuildFile; fileRef = 468A228315ECC680008F04B0 /* DKAppDelegate.m */; };
		468A228715ECC680008F04B0 /* DKViewController.m in Sources */ = {isa = PBXBuildFile; fileRef = 468A228615ECC680008F04B0 /* DKViewController.m */; };
		468A228A15ECC680008F04B0 /* DKViewController.xib in Resources */ = {isa = PBXBuildFile; fileRef = 468A228815ECC680008F04B0 /* DKViewController.xib */; };
/* End PBXBuildFile section */

/* Begin PBXFileReference section */
		468A226F15ECC680008F04B0 /* DKKeyboardView.app */ = {isa = PBXFileReference; explicitFileType = wrapper.application; includeInIndex = 0; path = DKKeyboardView.app; sourceTree = BUILT_PRODUCTS_DIR; };
		468A227315ECC680008F04B0 /* UIKit.framework */ = {isa = PBXFileReference; lastKnownFileType = wrapper.framework; name = UIKit.framework; path = System/Library/Frameworks/UIKit.framework; sourceTree = SDKROOT; };
		468A227515ECC680008F04B0 /* Foundation.framework */ = {isa = PBXFileReference; lastKnownFileType = wrapper.framework; name = Foundation.framework; path = System/Library/Frameworks/Foundation.framework; sourceTree = SDKROOT; };
		468A227715ECC680008F04B0 /* CoreGraphics.framework */ = {isa = PBXFileReference; lastKnownFileType = wrapper.framework; name = CoreGraphics.framework; path = System/Library/Frameworks/CoreGraphics.framework; sourceTree = SDKROOT; };
		468A227B15ECC680008F04B0 /* DKKeyboardView-Info.plist */ = {isa = PBXFileReference; lastKnownFileType = text.plist.xml; path = "DKKeyboardView-Info.plist"; sourceTree = "<group>"; };
		468A227D15ECC680008F04B0 /* en */ = {isa = PBXFileReference; lastKnownFileType = text.plist.strings; name = en; path = en.lproj/InfoPlist.strings; sourceTree = "<group>"; };
		468A227F15ECC680008F04B0 /* main.m */ = {isa = PBXFileReference; lastKnownFileType = sourcecode.c.objc; path = main.m; sourceTree = "<group>"; };
		468A228115ECC680008F04B0 /* DKKeyboardView-Prefix.pch */ = {isa = PBXFileReference; lastKnownFileType = sourcecode.c.h; path = "DKKeyboardView-Prefix.pch"; sourceTree = "<group>"; };
		468A228215ECC680008F04B0 /* DKAppDelegate.h */ = {isa = PBXFileReference; lastKnownFileType = sourcecode.c.h; path = DKAppDelegate.h; sourceTree = "<group>"; };
		468A228315ECC680008F04B0 /* DKAppDelegate.m */ = {isa = PBXFileReference; lastKnownFileType = sourcecode.c.objc; path = DKAppDelegate.m; sourceTree = "<group>"; };
		468A228515ECC680008F04B0 /* DKViewController.h */ = {isa = PBXFileReference; lastKnownFileType = sourcecode.c.h; path = DKViewController.h; sourceTree = "<group>"; };
		468A228615ECC680008F04B0 /* DKViewController.m */ = {isa = PBXFileReference; lastKnownFileType = sourcecode.c.objc; path = DKViewController.m; sourceTree = "<group>"; };
		92CAD3E125EEFCD50096D2FE /* Base */ = {isa = PBXFileReference; lastKnownFileType = file.xib; name = Base; path = Base.lproj/DKViewController.xib; sourceTree = "<group>"; };
/* End PBXFileReference section */

/* Begin PBXFrameworksBuildPhase section */
		468A226C15ECC680008F04B0 /* Frameworks */ = {
			isa = PBXFrameworksBuildPhase;
			buildActionMask = 2147483647;
			files = (
				468A227415ECC680008F04B0 /* UIKit.framework in Frameworks */,
				468A227615ECC680008F04B0 /* Foundation.framework in Frameworks */,
				468A227815ECC680008F04B0 /* CoreGraphics.framework in Frameworks */,
			);
			runOnlyForDeploymentPostprocessing = 0;
		};
/* End PBXFrameworksBuildPhase section */

/* Begin PBXGroup section */
		468A226415ECC680008F04B0 = {
			isa = PBXGroup;
			children = (
				468A227915ECC680008F04B0 /* DKKeyboardView */,
				468A227215ECC680008F04B0 /* Frameworks */,
				468A227015ECC680008F04B0 /* Products */,
			);
			sourceTree = "<group>";
		};
		468A227015ECC680008F04B0 /* Products */ = {
			isa = PBXGroup;
			children = (
				468A226F15ECC680008F04B0 /* DKKeyboardView.app */,
			);
			name = Products;
			sourceTree = "<group>";
		};
		468A227215ECC680008F04B0 /* Frameworks */ = {
			isa = PBXGroup;
			children = (
				468A227315ECC680008F04B0 /* UIKit.framework */,
				468A227515ECC680008F04B0 /* Foundation.framework */,
				468A227715ECC680008F04B0 /* CoreGraphics.framework */,
			);
			name = Frameworks;
			sourceTree = "<group>";
		};
		468A227915ECC680008F04B0 /* DKKeyboardView */ = {
			isa = PBXGroup;
			children = (
				468A228215ECC680008F04B0 /* DKAppDelegate.h */,
				468A228315ECC680008F04B0 /* DKAppDelegate.m */,
				468A228515ECC680008F04B0 /* DKViewController.h */,
				468A228615ECC680008F04B0 /* DKViewController.m */,
				468A228815ECC680008F04B0 /* DKViewController.xib */,
				468A227A15ECC680008F04B0 /* Supporting Files */,
			);
			path = DKKeyboardView;
			sourceTree = "<group>";
		};
		468A227A15ECC680008F04B0 /* Supporting Files */ = {
			isa = PBXGroup;
			children = (
				468A227B15ECC680008F04B0 /* DKKeyboardView-Info.plist */,
				468A227C15ECC680008F04B0 /* InfoPlist.strings */,
				468A227F15ECC680008F04B0 /* main.m */,
				468A228115ECC680008F04B0 /* DKKeyboardView-Prefix.pch */,
			);
			name = "Supporting Files";
			sourceTree = "<group>";
		};
/* End PBXGroup section */

/* Begin PBXNativeTarget section */
		468A226E15ECC680008F04B0 /* DKKeyboardView */ = {
			isa = PBXNativeTarget;
			buildConfigurationList = 468A229015ECC680008F04B0 /* Build configuration list for PBXNativeTarget "DKKeyboardView" */;
			buildPhases = (
				468A226B15ECC680008F04B0 /* Sources */,
				468A226C15ECC680008F04B0 /* Frameworks */,
				468A226D15ECC680008F04B0 /* Resources */,
			);
			buildRules = (
			);
			dependencies = (
			);
			name = DKKeyboardView;
			productName = DKKeyboardView;
			productReference = 468A226F15ECC680008F04B0 /* DKKeyboardView.app */;
			productType = "com.apple.product-type.application";
		};
/* End PBXNativeTarget section */

/* Begin PBXProject section */
		468A226615ECC680008F04B0 /* Project object */ = {
			isa = PBXProject;
			attributes = {
				CLASSPREFIX = DK;
				LastUpgradeCheck = 1240;
				ORGANIZATIONNAME = "Denis Kutlubaev";
			};
			buildConfigurationList = 468A226915ECC680008F04B0 /* Build configuration list for PBXProject "DKKeyboardView" */;
			compatibilityVersion = "Xcode 3.2";
			developmentRegion = en;
			hasScannedForEncodings = 0;
			knownRegions = (
				en,
				Base,
			);
			mainGroup = 468A226415ECC680008F04B0;
			productRefGroup = 468A227015ECC680008F04B0 /* Products */;
			projectDirPath = "";
			projectRoot = "";
			targets = (
				468A226E15ECC680008F04B0 /* DKKeyboardView */,
			);
		};
/* End PBXProject section */

/* Begin PBXResourcesBuildPhase section */
		468A226D15ECC680008F04B0 /* Resources */ = {
			isa = PBXResourcesBuildPhase;
			buildActionMask = 2147483647;
			files = (
				468A227E15ECC680008F04B0 /* InfoPlist.strings in Resources */,
				468A228A15ECC680008F04B0 /* DKViewController.xib in Resources */,
			);
			runOnlyForDeploymentPostprocessing = 0;
		};
/* End PBXResourcesBuildPhase section */

/* Begin PBXSourcesBuildPhase section */
		468A226B15ECC680008F04B0 /* Sources */ = {
			isa = PBXSourcesBuildPhase;
			buildActionMask = 2147483647;
			files = (
				468A228015ECC680008F04B0 /* main.m in Sources */,
				468A228415ECC680008F04B0 /* DKAppDelegate.m in Sources */,
				468A228715ECC680008F04B0 /* DKViewController.m in Sources */,
			);
			runOnlyForDeploymentPostprocessing = 0;
		};
/* End PBXSourcesBuildPhase section */

/* Begin PBXVariantGroup section */
		468A227C15ECC680008F04B0 /* InfoPlist.strings */ = {
			isa = PBXVariantGroup;
			children = (
				468A227D15ECC680008F04B0 /* en */,
			);
			name = InfoPlist.strings;
			sourceTree = "<group>";
		};
		468A228815ECC680008F04B0 /* DKViewController.xib */ = {
			isa = PBXVariantGroup;
			children = (
				92CAD3E125EEFCD50096D2FE /* Base */,
			);
			name = DKViewController.xib;
			sourceTree = "<group>";
		};
/* End PBXVariantGroup section */

/* Begin XCBuildConfiguration section */
		468A228E15ECC680008F04B0 /* Debug */ = {
			isa = XCBuildConfiguration;
			buildSettings = {
				ALWAYS_SEARCH_USER_PATHS = NO;
				CLANG_ANALYZER_LOCALIZABILITY_NONLOCALIZED = YES;
				CLANG_CXX_LANGUAGE_STANDARD = "gnu++0x";
				CLANG_ENABLE_OBJC_ARC = YES;
				CLANG_WARN_BLOCK_CAPTURE_AUTORELEASING = YES;
				CLANG_WARN_BOOL_CONVERSION = YES;
				CLANG_WARN_COMMA = YES;
				CLANG_WARN_CONSTANT_CONVERSION = YES;
				CLANG_WARN_DEPRECATED_OBJC_IMPLEMENTATIONS = YES;
				CLANG_WARN_EMPTY_BODY = YES;
				CLANG_WARN_ENUM_CONVERSION = YES;
				CLANG_WARN_INFINITE_RECURSION = YES;
				CLANG_WARN_INT_CONVERSION = YES;
				CLANG_WARN_NON_LITERAL_NULL_CONVERSION = YES;
				CLANG_WARN_OBJC_IMPLICIT_RETAIN_SELF = YES;
				CLANG_WARN_OBJC_LITERAL_CONVERSION = YES;
				CLANG_WARN_QUOTED_INCLUDE_IN_FRAMEWORK_HEADER = YES;
				CLANG_WARN_RANGE_LOOP_ANALYSIS = YES;
				CLANG_WARN_STRICT_PROTOTYPES = YES;
				CLANG_WARN_SUSPICIOUS_MOVE = YES;
				CLANG_WARN_UNREACHABLE_CODE = YES;
				CLANG_WARN__DUPLICATE_METHOD_MATCH = YES;
				"CODE_SIGN_IDENTITY[sdk=iphoneos*]" = "iPhone Developer";
				COPY_PHASE_STRIP = NO;
				ENABLE_STRICT_OBJC_MSGSEND = YES;
				ENABLE_TESTABILITY = YES;
				GCC_C_LANGUAGE_STANDARD = gnu99;
				GCC_DYNAMIC_NO_PIC = NO;
				GCC_NO_COMMON_BLOCKS = YES;
				GCC_OPTIMIZATION_LEVEL = 0;
				GCC_PREPROCESSOR_DEFINITIONS = (
					"DEBUG=1",
					"$(inherited)",
				);
				GCC_SYMBOLS_PRIVATE_EXTERN = NO;
				GCC_VERSION = com.apple.compilers.llvm.clang.1_0;
				GCC_WARN_64_TO_32_BIT_CONVERSION = YES;
				GCC_WARN_ABOUT_RETURN_TYPE = YES;
				GCC_WARN_UNDECLARED_SELECTOR = YES;
				GCC_WARN_UNINITIALIZED_AUTOS = YES;
				GCC_WARN_UNUSED_FUNCTION = YES;
				GCC_WARN_UNUSED_VARIABLE = YES;
				IPHONEOS_DEPLOYMENT_TARGET = 12.0;
				ONLY_ACTIVE_ARCH = YES;
				SDKROOT = iphoneos;
				TARGETED_DEVICE_FAMILY = "1,2";
			};
			name = Debug;
		};
		468A228F15ECC680008F04B0 /* Release */ = {
			isa = XCBuildConfiguration;
			buildSettings = {
				ALWAYS_SEARCH_USER_PATHS = NO;
				CLANG_ANALYZER_LOCALIZABILITY_NONLOCALIZED = YES;
				CLANG_CXX_LANGUAGE_STANDARD = "gnu++0x";
				CLANG_ENABLE_OBJC_ARC = YES;
				CLANG_WARN_BLOCK_CAPTURE_AUTORELEASING = YES;
				CLANG_WARN_BOOL_CONVERSION = YES;
				CLANG_WARN_COMMA = YES;
				CLANG_WARN_CONSTANT_CONVERSION = YES;
				CLANG_WARN_DEPRECATED_OBJC_IMPLEMENTATIONS = YES;
				CLANG_WARN_EMPTY_BODY = YES;
				CLANG_WARN_ENUM_CONVERSION = YES;
				CLANG_WARN_INFINITE_RECURSION = YES;
				CLANG_WARN_INT_CONVERSION = YES;
				CLANG_WARN_NON_LITERAL_NULL_CONVERSION = YES;
				CLANG_WARN_OBJC_IMPLICIT_RETAIN_SELF = YES;
				CLANG_WARN_OBJC_LITERAL_CONVERSION = YES;
				CLANG_WARN_QUOTED_INCLUDE_IN_FRAMEWORK_HEADER = YES;
				CLANG_WARN_RANGE_LOOP_ANALYSIS = YES;
				CLANG_WARN_STRICT_PROTOTYPES = YES;
				CLANG_WARN_SUSPICIOUS_MOVE = YES;
				CLANG_WARN_UNREACHABLE_CODE = YES;
				CLANG_WARN__DUPLICATE_METHOD_MATCH = YES;
				"CODE_SIGN_IDENTITY[sdk=iphoneos*]" = "iPhone Developer";
				COPY_PHASE_STRIP = YES;
				ENABLE_STRICT_OBJC_MSGSEND = YES;
				GCC_C_LANGUAGE_STANDARD = gnu99;
				GCC_NO_COMMON_BLOCKS = YES;
				GCC_VERSION = com.apple.compilers.llvm.clang.1_0;
				GCC_WARN_64_TO_32_BIT_CONVERSION = YES;
				GCC_WARN_ABOUT_RETURN_TYPE = YES;
				GCC_WARN_UNDECLARED_SELECTOR = YES;
				GCC_WARN_UNINITIALIZED_AUTOS = YES;
				GCC_WARN_UNUSED_FUNCTION = YES;
				GCC_WARN_UNUSED_VARIABLE = YES;
				IPHONEOS_DEPLOYMENT_TARGET = 12.0;
				OTHER_CFLAGS = "-DNS_BLOCK_ASSERTIONS=1";
				SDKROOT = iphoneos;
				TARGETED_DEVICE_FAMILY = "1,2";
				VALIDATE_PRODUCT = YES;
			};
			name = Release;
		};
		468A229115ECC680008F04B0 /* Debug */ = {
			isa = XCBuildConfiguration;
			buildSettings = {
				GCC_PRECOMPILE_PREFIX_HEADER = YES;
				GCC_PREFIX_HEADER = "DKKeyboardView/DKKeyboardView-Prefix.pch";
				INFOPLIST_FILE = "DKKeyboardView/DKKeyboardView-Info.plist";
				PRODUCT_BUNDLE_IDENTIFIER = "DenisKutlubaev.${PRODUCT_NAME:rfc1034identifier}";
				PRODUCT_NAME = "$(TARGET_NAME)";
				WRAPPER_EXTENSION = app;
			};
			name = Debug;
		};
		468A229215ECC680008F04B0 /* Release */ = {
			isa = XCBuildConfiguration;
			buildSettings = {
				GCC_PRECOMPILE_PREFIX_HEADER = YES;
				GCC_PREFIX_HEADER = "DKKeyboardView/DKKeyboardView-Prefix.pch";
				INFOPLIST_FILE = "DKKeyboardView/DKKeyboardView-Info.plist";
				PRODUCT_BUNDLE_IDENTIFIER = "DenisKutlubaev.${PRODUCT_NAME:rfc1034identifier}";
				PRODUCT_NAME = "$(TARGET_NAME)";
				WRAPPER_EXTENSION = app;
			};
			name = Release;
		};
/* End XCBuildConfiguration section */

/* Begin XCConfigurationList section */
		468A226915ECC680008F04B0 /* Build configuration list for PBXProject "DKKeyboardView" */ = {
			isa = XCConfigurationList;
			buildConfigurations = (
				468A228E15ECC680008F04B0 /* Debug */,
				468A228F15ECC680008F04B0 /* Release */,
			);
			defaultConfigurationIsVisible = 0;
			defaultConfigurationName = Release;
		};
		468A229015ECC680008F04B0 /* Build configuration list for PBXNativeTarget "DKKeyboardView" */ = {
			isa = XCConfigurationList;
			buildConfigurations = (
				468A229115ECC680008F04B0 /* Debug */,
				468A229215ECC680008F04B0 /* Release */,
			);
			defaultConfigurationIsVisible = 0;
			defaultConfigurationName = Release;
		};
/* End XCConfigurationList section */
	};
	rootObject = 468A226615ECC680008F04B0 /* Project object */;
}
